{
  "name": "terminus-city",
  "version": "0.1.0",
  "lockfileVersion": 3,
  "requires": true,
  "packages": {
    "": {
      "name": "terminus-city",
      "version": "0.1.0",
      "bin": {
        "terminus": "bin/terminus.mjs"
      },
      "engines": {
        "node": ">=20"
      }
    }
  }
}
